
Microsoft Visual Studio Solution File, Format Version 12.00
# Visual Studio Version 17
VisualStudioVersion = 17.0.32126.317
MinimumVisualStudioVersion = 10.0.40219.1
Project("{FAE04EC0-301F-11D3-BF4B-00C04F79EFBC}") = "eTickets", "eTickets\eTickets.csproj", "{0E29CE4E-65A2-447A-A205-20B0AF7CB679}"
EndProject
Global
	GlobalSection(SolutionConfigurationPlatforms) = preSolution
		Debug|Any CPU = Debug|Any CPU
		Release|Any CPU = Release|Any CPU
	EndGlobalSection
	GlobalSection(ProjectConfigurationPlatforms) = postSolution
		{0E29CE4E-65A2-447A-A205-20B0AF7CB679}.Debug|Any CPU.ActiveCfg = Debug|Any CPU
		{0E29CE4E-65A2-447A-A205-20B0AF7CB679}.Debug|Any CPU.Build.0 = Debug|Any CPU
		{0E29CE4E-65A2-447A-A205-20B0AF7CB679}.Release|Any CPU.ActiveCfg = Release|Any CPU
		{0E29CE4E-65A2-447A-A205-20B0AF7CB679}.Release|Any CPU.Build.0 = Release|Any CPU
	EndGlobalSection
	GlobalSection(SolutionProperties) = preSolution
		HideSolutionNode = FALSE
	EndGlobalSection
	GlobalSection(ExtensibilityGlobals) = postSolution
		SolutionGuid = {D740EBC4-836F-4C21-B2CA-B03536CC2344}
	EndGlobalSection
EndGlobal
